
Microsoft Visual Studio Solution File, Format Version 12.00
# Visual Studio Version 17
VisualStudioVersion = 17.12.35506.116
MinimumVisualStudioVersion = 10.0.40219.1
Project("{9A19103F-16F7-4668-BE54-9A1E7A4F7556}") = "AutoLLMTranslator", "AutoLLMTranslator.csproj", "{5C9FF575-54D8-436D-BF5D-2DC1B84C9FD0}"
EndProject
Global
	GlobalSection(SolutionConfigurationPlatforms) = preSolution
		Debug|Any CPU = Debug|Any CPU
		Release|Any CPU = Release|Any CPU
		Release2|Any CPU = Release2|Any CPU
	EndGlobalSection
	GlobalSection(ProjectConfigurationPlatforms) = postSolution
		{5C9FF575-54D8-436D-BF5D-2DC1B84C9FD0}.Debug|Any CPU.ActiveCfg = Debug|Any CPU
		{5C9FF575-54D8-436D-BF5D-2DC1B84C9FD0}.Debug|Any CPU.Build.0 = Debug|Any CPU
		{5C9FF575-54D8-436D-BF5D-2DC1B84C9FD0}.Release|Any CPU.ActiveCfg = Release|Any CPU
		{5C9FF575-54D8-436D-BF5D-2DC1B84C9FD0}.Release|Any CPU.Build.0 = Release|Any CPU
		{5C9FF575-54D8-436D-BF5D-2DC1B84C9FD0}.Release2|Any CPU.ActiveCfg = Release2|Any CPU
		{5C9FF575-54D8-436D-BF5D-2DC1B84C9FD0}.Release2|Any CPU.Build.0 = Release2|Any CPU
	EndGlobalSection
	GlobalSection(SolutionProperties) = preSolution
		HideSolutionNode = FALSE
	EndGlobalSection
EndGlobal
